
Microsoft Visual Studio Solution File, Format Version 12.00
# Visual Studio Version 17
VisualStudioVersion = 17.0.32112.339
MinimumVisualStudioVersion = 10.0.40219.1
Project("{8BC9CEB8-8B4A-11D0-8D11-00A0C91BC942}") = "1006A", "1006A.vcxproj", "{035CEB98-1634-43A0-BDA8-1D9C41DBEA0C}"
EndProject
Global
	GlobalSection(SolutionConfigurationPlatforms) = preSolution
		Debug|x64 = Debug|x64
		Debug|x86 = Debug|x86
		Release|x64 = Release|x64
		Release|x86 = Release|x86
	EndGlobalSection
	GlobalSection(ProjectConfigurationPlatforms) = postSolution
		{035CEB98-1634-43A0-BDA8-1D9C41DBEA0C}.Debug|x64.ActiveCfg = Debug|x64
		{035CEB98-1634-43A0-BDA8-1D9C41DBEA0C}.Debug|x64.Build.0 = Debug|x64
		{035CEB98-1634-43A0-BDA8-1D9C41DBEA0C}.Debug|x86.ActiveCfg = Debug|Win32
		{035CEB98-1634-43A0-BDA8-1D9C41DBEA0C}.Debug|x86.Build.0 = Debug|Win32
		{035CEB98-1634-43A0-BDA8-1D9C41DBEA0C}.Release|x64.ActiveCfg = Release|x64
		{035CEB98-1634-43A0-BDA8-1D9C41DBEA0C}.Release|x64.Build.0 = Release|x64
		{035CEB98-1634-43A0-BDA8-1D9C41DBEA0C}.Release|x86.ActiveCfg = Release|Win32
		{035CEB98-1634-43A0-BDA8-1D9C41DBEA0C}.Release|x86.Build.0 = Release|Win32
	EndGlobalSection
	GlobalSection(SolutionProperties) = preSolution
		HideSolutionNode = FALSE
	EndGlobalSection
	GlobalSection(ExtensibilityGlobals) = postSolution
		SolutionGuid = {112CF27C-A28C-49F5-A540-3FFBF8D041E5}
	EndGlobalSection
EndGlobal
